
Microsoft Visual Studio Solution File, Format Version 12.00
# Visual Studio Version 17
VisualStudioVersion = 17.14.36327.8
MinimumVisualStudioVersion = 10.0.40219.1
Project("{FAE04EC0-301F-11D3-BF4B-00C04F79EFBC}") = "Lcx.Pmt.ExportData.Ui", "Lcx.Pmt.ExportData.Ui\Lcx.Pmt.ExportData.Ui.csproj", "{13D2B7F7-370B-4435-AB98-EC84E5F08D3E}"
EndProject
Project("{FAE04EC0-301F-11D3-BF4B-00C04F79EFBC}") = "Lcx.Pmt", "Lcx.Pmt\Lcx.Pmt.csproj", "{2E9D64F1-3FA6-4A8B-80C9-5A8A9B0748E3}"
EndProject
Project("{FAE04EC0-301F-11D3-BF4B-00C04F79EFBC}") = "Lcx.Pmt.ExportData", "Lcx.Pmt.ExportData\Lcx.Pmt.ExportData.csproj", "{E8EDFACD-750D-2AFC-F3D5-7E5F0EA1BE5D}"
EndProject
Project("{FAE04EC0-301F-11D3-BF4B-00C04F79EFBC}") = "Lcx.Pmt.Entity", "Lcx.Pmt.Entity\Lcx.Pmt.Entity.csproj", "{E6CC41A8-B55A-410A-AF0E-115282E91843}"
EndProject
Global
	GlobalSection(SolutionConfigurationPlatforms) = preSolution
		Debug|Any CPU = Debug|Any CPU
		Release|Any CPU = Release|Any CPU
	EndGlobalSection
	GlobalSection(ProjectConfigurationPlatforms) = postSolution
		{13D2B7F7-370B-4435-AB98-EC84E5F08D3E}.Debug|Any CPU.ActiveCfg = Debug|Any CPU
		{13D2B7F7-370B-4435-AB98-EC84E5F08D3E}.Debug|Any CPU.Build.0 = Debug|Any CPU
		{13D2B7F7-370B-4435-AB98-EC84E5F08D3E}.Release|Any CPU.ActiveCfg = Release|Any CPU
		{13D2B7F7-370B-4435-AB98-EC84E5F08D3E}.Release|Any CPU.Build.0 = Release|Any CPU
		{2E9D64F1-3FA6-4A8B-80C9-5A8A9B0748E3}.Debug|Any CPU.ActiveCfg = Debug|Any CPU
		{2E9D64F1-3FA6-4A8B-80C9-5A8A9B0748E3}.Debug|Any CPU.Build.0 = Debug|Any CPU
		{2E9D64F1-3FA6-4A8B-80C9-5A8A9B0748E3}.Release|Any CPU.ActiveCfg = Release|Any CPU
		{2E9D64F1-3FA6-4A8B-80C9-5A8A9B0748E3}.Release|Any CPU.Build.0 = Release|Any CPU
		{E8EDFACD-750D-2AFC-F3D5-7E5F0EA1BE5D}.Debug|Any CPU.ActiveCfg = Debug|Any CPU
		{E8EDFACD-750D-2AFC-F3D5-7E5F0EA1BE5D}.Debug|Any CPU.Build.0 = Debug|Any CPU
		{E8EDFACD-750D-2AFC-F3D5-7E5F0EA1BE5D}.Release|Any CPU.ActiveCfg = Release|Any CPU
		{E8EDFACD-750D-2AFC-F3D5-7E5F0EA1BE5D}.Release|Any CPU.Build.0 = Release|Any CPU
		{E6CC41A8-B55A-410A-AF0E-115282E91843}.Debug|Any CPU.ActiveCfg = Debug|Any CPU
		{E6CC41A8-B55A-410A-AF0E-115282E91843}.Debug|Any CPU.Build.0 = Debug|Any CPU
		{E6CC41A8-B55A-410A-AF0E-115282E91843}.Release|Any CPU.ActiveCfg = Release|Any CPU
		{E6CC41A8-B55A-410A-AF0E-115282E91843}.Release|Any CPU.Build.0 = Release|Any CPU
	EndGlobalSection
	GlobalSection(SolutionProperties) = preSolution
		HideSolutionNode = FALSE
	EndGlobalSection
	GlobalSection(ExtensibilityGlobals) = postSolution
		SolutionGuid = {5408818E-C769-49E6-A4D6-328E19757BAE}
	EndGlobalSection
EndGlobal
